
Microsoft Visual Studio Solution File, Format Version 12.00
# Visual Studio Version 17
VisualStudioVersion = 17.1.32210.238
MinimumVisualStudioVersion = 10.0.40219.1
Project("{FAE04EC0-301F-11D3-BF4B-00C04F79EFBC}") = "UAS_010", "UAS_010\UAS_010.csproj", "{67BAF833-358B-4F6A-83AC-797B7767AAD3}"
EndProject
Global
	GlobalSection(SolutionConfigurationPlatforms) = preSolution
		Debug|Any CPU = Debug|Any CPU
		Release|Any CPU = Release|Any CPU
	EndGlobalSection
	GlobalSection(ProjectConfigurationPlatforms) = postSolution
		{67BAF833-358B-4F6A-83AC-797B7767AAD3}.Debug|Any CPU.ActiveCfg = Debug|Any CPU
		{67BAF833-358B-4F6A-83AC-797B7767AAD3}.Debug|Any CPU.Build.0 = Debug|Any CPU
		{67BAF833-358B-4F6A-83AC-797B7767AAD3}.Release|Any CPU.ActiveCfg = Release|Any CPU
		{67BAF833-358B-4F6A-83AC-797B7767AAD3}.Release|Any CPU.Build.0 = Release|Any CPU
	EndGlobalSection
	GlobalSection(SolutionProperties) = preSolution
		HideSolutionNode = FALSE
	EndGlobalSection
	GlobalSection(ExtensibilityGlobals) = postSolution
		SolutionGuid = {F633D125-1042-4739-BF69-C9FA22952822}
	EndGlobalSection
EndGlobal
